<?xml version="1.0" encoding="utf-8"?>
<Project ToolsVersion="4.0" xmlns="http://schemas.microsoft.com/developer/msbuild/2003">
  <ItemGroup>
    <Filter Include="pilo">
      <UniqueIdentifier>{ad042a4f-f646-4113-90e5-319f4964ff8b}</UniqueIdentifier>
    </Filter>
    <Filter Include="pilo\core">
      <UniqueIdentifier>{48909ee5-7995-47b6-ab0e-9a9812b846f6}</UniqueIdentifier>
    </Filter>
    <Filter Include="pilo\topics">
      <UniqueIdentifier>{2e81b579-f9c4-42f3-9509-1468fd67d43d}</UniqueIdentifier>
    </Filter>
    <Filter Include="pilo\topics\path_finding">
      <UniqueIdentifier>{b5c4349a-ffff-4971-94e9-39b424279385}</UniqueIdentifier>
    </Filter>
    <Filter Include="pilo\core\container">
      <UniqueIdentifier>{b9a9ece3-b0b3-4362-a22d-89a0d2909198}</UniqueIdentifier>
    </Filter>
    <Filter Include="pilo\core\datetime">
      <UniqueIdentifier>{3d35e830-225f-4c52-8bd9-2b7da18f8be4}</UniqueIdentifier>
    </Filter>
    <Filter Include="pilo\core\debug">
      <UniqueIdentifier>{f0ddd0ae-fcb9-441e-8669-34304d70204a}</UniqueIdentifier>
    </Filter>
    <Filter Include="pilo\core\dll">
      <UniqueIdentifier>{9d8e9a11-7748-4eae-bb65-8bd91a7fe51b}</UniqueIdentifier>
    </Filter>
    <Filter Include="pilo\core\fs">
      <UniqueIdentifier>{b1e91516-7b4c-47a3-b9af-df31737f326f}</UniqueIdentifier>
    </Filter>
    <Filter Include="pilo\core\info">
      <UniqueIdentifier>{2ed9a13b-f63c-4e4c-844a-1cb36a617759}</UniqueIdentifier>
    </Filter>
    <Filter Include="pilo\core\io">
      <UniqueIdentifier>{23fee6ca-144a-42e0-87f2-82c8fdf01a07}</UniqueIdentifier>
    </Filter>
    <Filter Include="pilo\core\log">
      <UniqueIdentifier>{7813c2e6-67b7-471e-8bd9-5f36a72af496}</UniqueIdentifier>
    </Filter>
    <Filter Include="pilo\core\memory">
      <UniqueIdentifier>{f9bab96b-8b2a-4f33-a3fc-ca55e4d0f0e4}</UniqueIdentifier>
    </Filter>
    <Filter Include="pilo\core\net">
      <UniqueIdentifier>{92e68fd0-33bc-42c2-9270-2c808025b28e}</UniqueIdentifier>
    </Filter>
    <Filter Include="pilo\core\pattern">
      <UniqueIdentifier>{2fee2386-6c3b-4c59-b448-bbd04184bc9f}</UniqueIdentifier>
    </Filter>
    <Filter Include="pilo\core\process">
      <UniqueIdentifier>{f4c8d88e-9dd4-45a4-b8fe-40969ee047b5}</UniqueIdentifier>
    </Filter>
    <Filter Include="pilo\core\random">
      <UniqueIdentifier>{58a4d538-31be-4b15-b6c6-8150f29aa632}</UniqueIdentifier>
    </Filter>
    <Filter Include="pilo\core\string">
      <UniqueIdentifier>{42861655-9dbc-475c-94c0-602073df815c}</UniqueIdentifier>
    </Filter>
    <Filter Include="pilo\core\threading">
      <UniqueIdentifier>{5a7c9905-b985-4fc3-8e96-1937fba70c5f}</UniqueIdentifier>
    </Filter>
  </ItemGroup>
  <ItemGroup>
    <ClInclude Include="pilo\compat.hpp">
      <Filter>pilo</Filter>
    </ClInclude>
    <ClInclude Include="pilo\error.hpp">
      <Filter>pilo</Filter>
    </ClInclude>
    <ClInclude Include="pilo\lang_feature.hpp">
      <Filter>pilo</Filter>
    </ClInclude>
    <ClInclude Include="pilo\sysdef.hpp">
      <Filter>pilo</Filter>
    </ClInclude>
    <ClInclude Include="pilo\types.hpp">
      <Filter>pilo</Filter>
    </ClInclude>
    <ClInclude Include="pilo\topics\path_finding\astar_2d_behaviour.hpp">
      <Filter>pilo\topics\path_finding</Filter>
    </ClInclude>
    <ClInclude Include="pilo\topics\path_finding\astar_2d_fixed_bin_heap_opened_list.hpp">
      <Filter>pilo\topics\path_finding</Filter>
    </ClInclude>
    <ClInclude Include="pilo\topics\path_finding\astar_2d_path_finder.hpp">
      <Filter>pilo\topics\path_finding</Filter>
    </ClInclude>
    <ClInclude Include="pilo\topics\path_finding\astar_2d_priority_opened_list.hpp">
      <Filter>pilo\topics\path_finding</Filter>
    </ClInclude>
    <ClInclude Include="pilo\topics\path_finding\path_2d_map.hpp">
      <Filter>pilo\topics\path_finding</Filter>
    </ClInclude>
    <ClInclude Include="pilo\core\coredefs.hpp">
      <Filter>pilo\core</Filter>
    </ClInclude>
    <ClInclude Include="pilo\core\parameter.hpp">
      <Filter>pilo\core</Filter>
    </ClInclude>
    <ClInclude Include="pilo\core\container\fixed_array.hpp">
      <Filter>pilo\core\container</Filter>
    </ClInclude>
    <ClInclude Include="pilo\core\container\fixed_bin_heap.hpp">
      <Filter>pilo\core\container</Filter>
    </ClInclude>
    <ClInclude Include="pilo\core\container\fixed_bitset.hpp">
      <Filter>pilo\core\container</Filter>
    </ClInclude>
    <ClInclude Include="pilo\core\container\singly_linked_selflist.hpp">
      <Filter>pilo\core\container</Filter>
    </ClInclude>
    <ClInclude Include="pilo\core\datetime\datetime.hpp">
      <Filter>pilo\core\datetime</Filter>
    </ClInclude>
    <ClInclude Include="pilo\core\dll\dynamic_link_library.hpp">
      <Filter>pilo\core\dll</Filter>
    </ClInclude>
    <ClInclude Include="pilo\core\fs\async_directory_changer_handler.hpp">
      <Filter>pilo\core\fs</Filter>
    </ClInclude>
    <ClInclude Include="pilo\core\fs\directory_change_monitor.hpp">
      <Filter>pilo\core\fs</Filter>
    </ClInclude>
    <ClInclude Include="pilo\core\fs\fs_util.hpp">
      <Filter>pilo\core\fs</Filter>
    </ClInclude>
    <ClInclude Include="pilo\core\info\cpu.hpp">
      <Filter>pilo\core\info</Filter>
    </ClInclude>
    <ClInclude Include="pilo\core\io\fixed_memory_istream.hpp">
      <Filter>pilo\core\io</Filter>
    </ClInclude>
    <ClInclude Include="pilo\core\io\fixed_memory_ostream.hpp">
      <Filter>pilo\core\io</Filter>
    </ClInclude>
    <ClInclude Include="pilo\core\io\format_output.hpp">
      <Filter>pilo\core\io</Filter>
    </ClInclude>
    <ClInclude Include="pilo\core\io\istream_interface.hpp">
      <Filter>pilo\core\io</Filter>
    </ClInclude>
    <ClInclude Include="pilo\core\io\memory_istream_adapter.hpp">
      <Filter>pilo\core\io</Filter>
    </ClInclude>
    <ClInclude Include="pilo\core\io\memory_ostream_adapter.hpp">
      <Filter>pilo\core\io</Filter>
    </ClInclude>
    <ClInclude Include="pilo\core\io\ostream_interface.hpp">
      <Filter>pilo\core\io</Filter>
    </ClInclude>
    <ClInclude Include="pilo\core\log\syncronizedlocaltextlog.h">
      <Filter>pilo\core\log</Filter>
    </ClInclude>
    <ClInclude Include="pilo\core\memory\autoreset_object_pool.hpp">
      <Filter>pilo\core\memory</Filter>
    </ClInclude>
    <ClInclude Include="pilo\core\memory\compactable_autoreset_object_pool.hpp">
      <Filter>pilo\core\memory</Filter>
    </ClInclude>
    <ClInclude Include="pilo\core\memory\compactable_memory_pool.hpp">
      <Filter>pilo\core\memory</Filter>
    </ClInclude>
    <ClInclude Include="pilo\core\memory\compactable_object_pool.hpp">
      <Filter>pilo\core\memory</Filter>
    </ClInclude>
    <ClInclude Include="pilo\core\memory\compactable_overlapped_memory_pool.hpp">
      <Filter>pilo\core\memory</Filter>
    </ClInclude>
    <ClInclude Include="pilo\core\memory\dynamic_buffer.hpp">
      <Filter>pilo\core\memory</Filter>
    </ClInclude>
    <ClInclude Include="pilo\core\memory\dynamic_object_ring_buffer.hpp">
      <Filter>pilo\core\memory</Filter>
    </ClInclude>
    <ClInclude Include="pilo\core\memory\dynamic_overlapped_memory_piece.hpp">
      <Filter>pilo\core\memory</Filter>
    </ClInclude>
    <ClInclude Include="pilo\core\memory\fixed_buffer.hpp">
      <Filter>pilo\core\memory</Filter>
    </ClInclude>
    <ClInclude Include="pilo\core\memory\fixed_memory_piece.hpp">
      <Filter>pilo\core\memory</Filter>
    </ClInclude>
    <ClInclude Include="pilo\core\memory\fixed_overlapped_memory_piece.hpp">
      <Filter>pilo\core\memory</Filter>
    </ClInclude>
    <ClInclude Include="pilo\core\memory\heap_memory_allocator.hpp">
      <Filter>pilo\core\memory</Filter>
    </ClInclude>
    <ClInclude Include="pilo\core\memory\io_buffer.hpp">
      <Filter>pilo\core\memory</Filter>
    </ClInclude>
    <ClInclude Include="pilo\core\memory\memory.hpp">
      <Filter>pilo\core\memory</Filter>
    </ClInclude>
    <ClInclude Include="pilo\core\memory\memory_pool.hpp">
      <Filter>pilo\core\memory</Filter>
    </ClInclude>
    <ClInclude Include="pilo\core\memory\object_pool.hpp">
      <Filter>pilo\core\memory</Filter>
    </ClInclude>
    <ClInclude Include="pilo\core\memory\overlapped_memory_pool.hpp">
      <Filter>pilo\core\memory</Filter>
    </ClInclude>
    <ClInclude Include="pilo\core\net\basic_socket.hpp">
      <Filter>pilo\core\net</Filter>
    </ClInclude>
    <ClInclude Include="pilo\core\net\basic_socket_server.hpp">
      <Filter>pilo\core\net</Filter>
    </ClInclude>
    <ClInclude Include="pilo\core\net\initiative_tcp_socket.hpp">
      <Filter>pilo\core\net</Filter>
    </ClInclude>
    <ClInclude Include="pilo\core\net\iocp_socket.hpp">
      <Filter>pilo\core\net</Filter>
    </ClInclude>
    <ClInclude Include="pilo\core\net\iocp_socket_server.hpp">
      <Filter>pilo\core\net</Filter>
    </ClInclude>
    <ClInclude Include="pilo\core\net\iocp_tcp_listen_socket.hpp">
      <Filter>pilo\core\net</Filter>
    </ClInclude>
    <ClInclude Include="pilo\core\net\iocp_tcp_socket.hpp">
      <Filter>pilo\core\net</Filter>
    </ClInclude>
    <ClInclude Include="pilo\core\net\iocp_udp_socket.hpp">
      <Filter>pilo\core\net</Filter>
    </ClInclude>
    <ClInclude Include="pilo\core\net\ipv4_address.hpp">
      <Filter>pilo\core\net</Filter>
    </ClInclude>
    <ClInclude Include="pilo\core\net\ipv4_mask.hpp">
      <Filter>pilo\core\net</Filter>
    </ClInclude>
    <ClInclude Include="pilo\core\net\net_sys_header.hpp">
      <Filter>pilo\core\net</Filter>
    </ClInclude>
    <ClInclude Include="pilo\core\net\passive_tcp_socket.hpp">
      <Filter>pilo\core\net</Filter>
    </ClInclude>
    <ClInclude Include="pilo\core\net\socket_platform.hpp">
      <Filter>pilo\core\net</Filter>
    </ClInclude>
    <ClInclude Include="pilo\core\net\tcp_socket_buffer.hpp">
      <Filter>pilo\core\net</Filter>
    </ClInclude>
    <ClInclude Include="pilo\core\threading\advanced_mutex_locker.hpp">
      <Filter>pilo\core\threading</Filter>
    </ClInclude>
    <ClInclude Include="pilo\core\threading\atomic.hpp">
      <Filter>pilo\core\threading</Filter>
    </ClInclude>
    <ClInclude Include="pilo\core\threading\basic_thread.hpp">
      <Filter>pilo\core\threading</Filter>
    </ClInclude>
    <ClInclude Include="pilo\core\threading\dummy_mutex.hpp">
      <Filter>pilo\core\threading</Filter>
    </ClInclude>
    <ClInclude Include="pilo\core\threading\dummy_read_write_lock.hpp">
      <Filter>pilo\core\threading</Filter>
    </ClInclude>
    <ClInclude Include="pilo\core\threading\mutex_locker.hpp">
      <Filter>pilo\core\threading</Filter>
    </ClInclude>
    <ClInclude Include="pilo\core\threading\nonrecursive_mutex.hpp">
      <Filter>pilo\core\threading</Filter>
    </ClInclude>
    <ClInclude Include="pilo\core\threading\nonrecursive_timed_mutex.hpp">
      <Filter>pilo\core\threading</Filter>
    </ClInclude>
    <ClInclude Include="pilo\core\threading\read_write_lock.hpp">
      <Filter>pilo\core\threading</Filter>
    </ClInclude>
    <ClInclude Include="pilo\core\threading\recursive_mutex.hpp">
      <Filter>pilo\core\threading</Filter>
    </ClInclude>
    <ClInclude Include="pilo\core\threading\recursive_timed_mutex.hpp">
      <Filter>pilo\core\threading</Filter>
    </ClInclude>
    <ClInclude Include="pilo\core\threading\sync_condition_variable_any.hpp">
      <Filter>pilo\core\threading</Filter>
    </ClInclude>
    <ClInclude Include="pilo\core\threading\win_interlocked.hpp">
      <Filter>pilo\core\threading</Filter>
    </ClInclude>
    <ClInclude Include="pilo\core\string\auto_astring.hpp">
      <Filter>pilo\core\string</Filter>
    </ClInclude>
    <ClInclude Include="pilo\core\string\dynamic_astring.hpp">
      <Filter>pilo\core\string</Filter>
    </ClInclude>
    <ClInclude Include="pilo\core\string\fixed_astring.hpp">
      <Filter>pilo\core\string</Filter>
    </ClInclude>
    <ClInclude Include="pilo\core\string\fixed_wstring.hpp">
      <Filter>pilo\core\string</Filter>
    </ClInclude>
    <ClInclude Include="pilo\core\string\string_util.hpp">
      <Filter>pilo\core\string</Filter>
    </ClInclude>
    <ClInclude Include="pilo\core\random\simple_random.hpp">
      <Filter>pilo\core\random</Filter>
    </ClInclude>
    <ClInclude Include="pilo\core\process\process.hpp">
      <Filter>pilo\core\process</Filter>
    </ClInclude>
    <ClInclude Include="pilo\core\process\process_util.hpp">
      <Filter>pilo\core\process</Filter>
    </ClInclude>
    <ClInclude Include="pilo\core\pattern\lazy_singletion_mts.hpp">
      <Filter>pilo\core\pattern</Filter>
    </ClInclude>
    <ClInclude Include="pilo\core\debug\debug_new.hpp">
      <Filter>pilo\core\debug</Filter>
    </ClInclude>
    <ClInclude Include="pilo\core\fs\io_device.hpp">
      <Filter>pilo\core\fs</Filter>
    </ClInclude>
    <ClInclude Include="pilo\core\fs\buffered_file.hpp">
      <Filter>pilo\core\fs</Filter>
    </ClInclude>
    <ClInclude Include="pilo\core\fs\file.hpp">
      <Filter>pilo\core\fs</Filter>
    </ClInclude>
    <ClInclude Include="pilo\core\threading\rw_mutex_r_locker.hpp">
      <Filter>pilo\core\threading</Filter>
    </ClInclude>
    <ClInclude Include="pilo\core\threading\rw_mutex_w_locker.hpp">
      <Filter>pilo\core\threading</Filter>
    </ClInclude>
    <ClInclude Include="pilo\core\fs\path.hpp">
      <Filter>pilo\core\fs</Filter>
    </ClInclude>
    <ClInclude Include="pilo\core\datetime\tickcount_simu_thread.hpp">
      <Filter>pilo\core\datetime</Filter>
    </ClInclude>
  </ItemGroup>
  <ItemGroup>
    <ClCompile Include="pilo\error.cpp">
      <Filter>pilo</Filter>
    </ClCompile>
    <ClCompile Include="pilo\core\datetime\datetime.cpp">
      <Filter>pilo\core\datetime</Filter>
    </ClCompile>
    <ClCompile Include="pilo\core\dll\dynamic_link_library.cpp">
      <Filter>pilo\core\dll</Filter>
    </ClCompile>
    <ClCompile Include="pilo\core\fs\directory_change_monitor.cpp">
      <Filter>pilo\core\fs</Filter>
    </ClCompile>
    <ClCompile Include="pilo\core\fs\fs_util.cpp">
      <Filter>pilo\core\fs</Filter>
    </ClCompile>
    <ClCompile Include="pilo\core\info\cpu.cpp">
      <Filter>pilo\core\info</Filter>
    </ClCompile>
    <ClCompile Include="pilo\core\io\format_output.cpp">
      <Filter>pilo\core\io</Filter>
    </ClCompile>
    <ClCompile Include="pilo\core\net\basic_socket.cpp">
      <Filter>pilo\core\net</Filter>
    </ClCompile>
    <ClCompile Include="pilo\core\net\initiative_tcp_socket.cpp">
      <Filter>pilo\core\net</Filter>
    </ClCompile>
    <ClCompile Include="pilo\core\net\iocp_socket.cpp">
      <Filter>pilo\core\net</Filter>
    </ClCompile>
    <ClCompile Include="pilo\core\net\iocp_socket_server.cpp">
      <Filter>pilo\core\net</Filter>
    </ClCompile>
    <ClCompile Include="pilo\core\net\iocp_tcp_listen_socket.cpp">
      <Filter>pilo\core\net</Filter>
    </ClCompile>
    <ClCompile Include="pilo\core\net\iocp_tcp_socket.cpp">
      <Filter>pilo\core\net</Filter>
    </ClCompile>
    <ClCompile Include="pilo\core\net\ipv4_address.cpp">
      <Filter>pilo\core\net</Filter>
    </ClCompile>
    <ClCompile Include="pilo\core\net\ipv4_mask.cpp">
      <Filter>pilo\core\net</Filter>
    </ClCompile>
    <ClCompile Include="pilo\core\net\passive_tcp_socket.cpp">
      <Filter>pilo\core\net</Filter>
    </ClCompile>
    <ClCompile Include="pilo\core\net\socket_platform.cpp">
      <Filter>pilo\core\net</Filter>
    </ClCompile>
    <ClCompile Include="pilo\core\threading\basic_thread.cpp">
      <Filter>pilo\core\threading</Filter>
    </ClCompile>
    <ClCompile Include="pilo\core\threading\nonrecursive_mutex.cpp">
      <Filter>pilo\core\threading</Filter>
    </ClCompile>
    <ClCompile Include="pilo\core\threading\nonrecursive_timed_mutex.cpp">
      <Filter>pilo\core\threading</Filter>
    </ClCompile>
    <ClCompile Include="pilo\core\threading\read_write_lock.cpp">
      <Filter>pilo\core\threading</Filter>
    </ClCompile>
    <ClCompile Include="pilo\core\threading\recursive_mutex.cpp">
      <Filter>pilo\core\threading</Filter>
    </ClCompile>
    <ClCompile Include="pilo\core\threading\recursive_timed_mutex.cpp">
      <Filter>pilo\core\threading</Filter>
    </ClCompile>
    <ClCompile Include="pilo\core\string\dynamic_astring.cpp">
      <Filter>pilo\core\string</Filter>
    </ClCompile>
    <ClCompile Include="pilo\core\string\string_util.cpp">
      <Filter>pilo\core\string</Filter>
    </ClCompile>
    <ClCompile Include="pilo\core\random\simple_random.cpp">
      <Filter>pilo\core\random</Filter>
    </ClCompile>
    <ClCompile Include="pilo\core\process\process_util.cpp">
      <Filter>pilo\core\process</Filter>
    </ClCompile>
    <ClCompile Include="pilo\core\debug\debug_new.cpp">
      <Filter>pilo\core\debug</Filter>
    </ClCompile>
    <ClCompile Include="pilo\core\datetime\tickcount_simu_thread.cpp">
      <Filter>pilo\core\datetime</Filter>
    </ClCompile>
  </ItemGroup>
</Project>