<?xml version="1.0" encoding="utf-8"?>
<Project ToolsVersion="4.0" xmlns="http://schemas.microsoft.com/developer/msbuild/2003">
  <ItemGroup>
    <Filter Include="pilo">
      <UniqueIdentifier>{f493af2b-4a19-4e04-a33d-0531d6bbfb0b}</UniqueIdentifier>
    </Filter>
    <Filter Include="pilo\core">
      <UniqueIdentifier>{20794189-dc95-4aa2-b37f-baf979baf29b}</UniqueIdentifier>
    </Filter>
    <Filter Include="pilo\topics">
      <UniqueIdentifier>{1b7a38c9-200e-4c6a-8bd4-7c9ed147a4e3}</UniqueIdentifier>
    </Filter>
    <Filter Include="pilo\topics\path_finding">
      <UniqueIdentifier>{158ca858-e5f3-4c6f-b6b9-64c24be4f104}</UniqueIdentifier>
    </Filter>
    <Filter Include="pilo\core\container">
      <UniqueIdentifier>{f174e1a4-9000-443a-a11c-499d0e2a3f10}</UniqueIdentifier>
    </Filter>
    <Filter Include="pilo\core\datetime">
      <UniqueIdentifier>{69ca9574-3f78-4860-914b-7a91889c8a93}</UniqueIdentifier>
    </Filter>
    <Filter Include="pilo\core\debug">
      <UniqueIdentifier>{e0f42aef-a889-488c-9a33-53061c3e5f92}</UniqueIdentifier>
    </Filter>
    <Filter Include="pilo\core\dll">
      <UniqueIdentifier>{86ee6e2c-3fc3-46be-b0aa-170ad116ecd5}</UniqueIdentifier>
    </Filter>
    <Filter Include="pilo\core\fs">
      <UniqueIdentifier>{802cc1d0-cbec-480f-b406-a9f5c5f4da71}</UniqueIdentifier>
    </Filter>
    <Filter Include="pilo\core\info">
      <UniqueIdentifier>{59c6b51b-ea9f-4280-9ae0-a5964041a1f1}</UniqueIdentifier>
    </Filter>
    <Filter Include="pilo\core\io">
      <UniqueIdentifier>{30827f9c-6462-4139-81e2-599e915f7b0a}</UniqueIdentifier>
    </Filter>
    <Filter Include="pilo\core\log">
      <UniqueIdentifier>{fd9e71c1-0158-494b-a240-330a4c46acd1}</UniqueIdentifier>
    </Filter>
    <Filter Include="pilo\core\memory">
      <UniqueIdentifier>{bc682c7d-9a71-4f00-b15c-b0d2585c7f32}</UniqueIdentifier>
    </Filter>
    <Filter Include="pilo\core\net">
      <UniqueIdentifier>{725f06ec-fa15-45a2-ab94-ea6f931bff77}</UniqueIdentifier>
    </Filter>
    <Filter Include="pilo\core\pattern">
      <UniqueIdentifier>{f765aad5-d06a-417e-82e3-e7b19885c45e}</UniqueIdentifier>
    </Filter>
    <Filter Include="pilo\core\process">
      <UniqueIdentifier>{d1df41cf-5adb-4ff3-a45f-26bd1dad7482}</UniqueIdentifier>
    </Filter>
    <Filter Include="pilo\core\random">
      <UniqueIdentifier>{6d9fe19a-149d-4ff1-a1d9-05a55cab333d}</UniqueIdentifier>
    </Filter>
    <Filter Include="pilo\core\string">
      <UniqueIdentifier>{85fbed25-5030-4493-9e8d-a951792caccf}</UniqueIdentifier>
    </Filter>
    <Filter Include="pilo\core\threading">
      <UniqueIdentifier>{156a8351-2a7f-4d43-a81c-ad1c61d0be9f}</UniqueIdentifier>
    </Filter>
  </ItemGroup>
  <ItemGroup>
    <ClInclude Include="pilo\compat.hpp">
      <Filter>pilo</Filter>
    </ClInclude>
    <ClInclude Include="pilo\error.hpp">
      <Filter>pilo</Filter>
    </ClInclude>
    <ClInclude Include="pilo\lang_feature.hpp">
      <Filter>pilo</Filter>
    </ClInclude>
    <ClInclude Include="pilo\sysdef.hpp">
      <Filter>pilo</Filter>
    </ClInclude>
    <ClInclude Include="pilo\types.hpp">
      <Filter>pilo</Filter>
    </ClInclude>
    <ClInclude Include="pilo\topics\path_finding\astar_2d_behaviour.hpp">
      <Filter>pilo\topics\path_finding</Filter>
    </ClInclude>
    <ClInclude Include="pilo\topics\path_finding\astar_2d_fixed_bin_heap_opened_list.hpp">
      <Filter>pilo\topics\path_finding</Filter>
    </ClInclude>
    <ClInclude Include="pilo\topics\path_finding\astar_2d_path_finder.hpp">
      <Filter>pilo\topics\path_finding</Filter>
    </ClInclude>
    <ClInclude Include="pilo\topics\path_finding\astar_2d_priority_opened_list.hpp">
      <Filter>pilo\topics\path_finding</Filter>
    </ClInclude>
    <ClInclude Include="pilo\topics\path_finding\path_2d_map.hpp">
      <Filter>pilo\topics\path_finding</Filter>
    </ClInclude>
    <ClInclude Include="pilo\core\container\fixed_array.hpp">
      <Filter>pilo\core\container</Filter>
    </ClInclude>
    <ClInclude Include="pilo\core\container\fixed_bin_heap.hpp">
      <Filter>pilo\core\container</Filter>
    </ClInclude>
    <ClInclude Include="pilo\core\container\fixed_bitset.hpp">
      <Filter>pilo\core\container</Filter>
    </ClInclude>
    <ClInclude Include="pilo\core\container\singly_linked_selflist.hpp">
      <Filter>pilo\core\container</Filter>
    </ClInclude>
    <ClInclude Include="pilo\core\datetime\datetime.hpp">
      <Filter>pilo\core\datetime</Filter>
    </ClInclude>
    <ClInclude Include="pilo\core\datetime\tickcount_simu_thread.hpp">
      <Filter>pilo\core\datetime</Filter>
    </ClInclude>
    <ClInclude Include="pilo\core\dll\dynamic_link_library.hpp">
      <Filter>pilo\core\dll</Filter>
    </ClInclude>
    <ClInclude Include="pilo\core\fs\async_directory_changer_handler.hpp">
      <Filter>pilo\core\fs</Filter>
    </ClInclude>
    <ClInclude Include="pilo\core\fs\directory_change_monitor.hpp">
      <Filter>pilo\core\fs</Filter>
    </ClInclude>
    <ClInclude Include="pilo\core\fs\file.hpp">
      <Filter>pilo\core\fs</Filter>
    </ClInclude>
    <ClInclude Include="pilo\core\fs\fs_util.hpp">
      <Filter>pilo\core\fs</Filter>
    </ClInclude>
    <ClInclude Include="pilo\core\fs\io_device.hpp">
      <Filter>pilo\core\fs</Filter>
    </ClInclude>
    <ClInclude Include="pilo\core\info\cpu.hpp">
      <Filter>pilo\core\info</Filter>
    </ClInclude>
    <ClInclude Include="pilo\core\io\fixed_memory_istream.hpp">
      <Filter>pilo\core\io</Filter>
    </ClInclude>
    <ClInclude Include="pilo\core\io\fixed_memory_ostream.hpp">
      <Filter>pilo\core\io</Filter>
    </ClInclude>
    <ClInclude Include="pilo\core\io\format_output.hpp">
      <Filter>pilo\core\io</Filter>
    </ClInclude>
    <ClInclude Include="pilo\core\io\istream_interface.hpp">
      <Filter>pilo\core\io</Filter>
    </ClInclude>
    <ClInclude Include="pilo\core\io\memory_istream_adapter.hpp">
      <Filter>pilo\core\io</Filter>
    </ClInclude>
    <ClInclude Include="pilo\core\io\memory_ostream_adapter.hpp">
      <Filter>pilo\core\io</Filter>
    </ClInclude>
    <ClInclude Include="pilo\core\io\ostream_interface.hpp">
      <Filter>pilo\core\io</Filter>
    </ClInclude>
    <ClInclude Include="pilo\core\log\syncronizedlocaltextlog.h">
      <Filter>pilo\core\log</Filter>
    </ClInclude>
    <ClInclude Include="pilo\core\memory\autoreset_object_pool.hpp">
      <Filter>pilo\core\memory</Filter>
    </ClInclude>
    <ClInclude Include="pilo\core\memory\compactable_autoreset_object_pool.hpp">
      <Filter>pilo\core\memory</Filter>
    </ClInclude>
    <ClInclude Include="pilo\core\memory\compactable_memory_pool.hpp">
      <Filter>pilo\core\memory</Filter>
    </ClInclude>
    <ClInclude Include="pilo\core\memory\compactable_object_pool.hpp">
      <Filter>pilo\core\memory</Filter>
    </ClInclude>
    <ClInclude Include="pilo\core\memory\compactable_overlapped_memory_pool.hpp">
      <Filter>pilo\core\memory</Filter>
    </ClInclude>
    <ClInclude Include="pilo\core\memory\dynamic_buffer.hpp">
      <Filter>pilo\core\memory</Filter>
    </ClInclude>
    <ClInclude Include="pilo\core\memory\dynamic_object_ring_buffer.hpp">
      <Filter>pilo\core\memory</Filter>
    </ClInclude>
    <ClInclude Include="pilo\core\memory\dynamic_overlapped_memory_piece.hpp">
      <Filter>pilo\core\memory</Filter>
    </ClInclude>
    <ClInclude Include="pilo\core\memory\fixed_buffer.hpp">
      <Filter>pilo\core\memory</Filter>
    </ClInclude>
    <ClInclude Include="pilo\core\memory\fixed_memory_piece.hpp">
      <Filter>pilo\core\memory</Filter>
    </ClInclude>
    <ClInclude Include="pilo\core\memory\fixed_overlapped_memory_piece.hpp">
      <Filter>pilo\core\memory</Filter>
    </ClInclude>
    <ClInclude Include="pilo\core\memory\heap_memory_allocator.hpp">
      <Filter>pilo\core\memory</Filter>
    </ClInclude>
    <ClInclude Include="pilo\core\memory\io_buffer.hpp">
      <Filter>pilo\core\memory</Filter>
    </ClInclude>
    <ClInclude Include="pilo\core\memory\memory.hpp">
      <Filter>pilo\core\memory</Filter>
    </ClInclude>
    <ClInclude Include="pilo\core\memory\memory_pool.hpp">
      <Filter>pilo\core\memory</Filter>
    </ClInclude>
    <ClInclude Include="pilo\core\memory\object_pool.hpp">
      <Filter>pilo\core\memory</Filter>
    </ClInclude>
    <ClInclude Include="pilo\core\memory\overlapped_memory_pool.hpp">
      <Filter>pilo\core\memory</Filter>
    </ClInclude>
    <ClInclude Include="pilo\core\net\basic_socket.hpp">
      <Filter>pilo\core\net</Filter>
    </ClInclude>
    <ClInclude Include="pilo\core\net\basic_socket_server.hpp">
      <Filter>pilo\core\net</Filter>
    </ClInclude>
    <ClInclude Include="pilo\core\net\epoll_socket.hpp">
      <Filter>pilo\core\net</Filter>
    </ClInclude>
    <ClInclude Include="pilo\core\net\epoll_socket_server.hpp">
      <Filter>pilo\core\net</Filter>
    </ClInclude>
    <ClInclude Include="pilo\core\net\epoll_tcp_listen_socket.hpp">
      <Filter>pilo\core\net</Filter>
    </ClInclude>
    <ClInclude Include="pilo\core\net\epoll_tcp_socket.hpp">
      <Filter>pilo\core\net</Filter>
    </ClInclude>
    <ClInclude Include="pilo\core\net\epoll_udp_socket.hpp">
      <Filter>pilo\core\net</Filter>
    </ClInclude>
    <ClInclude Include="pilo\core\net\initiative_tcp_socket.hpp">
      <Filter>pilo\core\net</Filter>
    </ClInclude>
    <ClInclude Include="pilo\core\net\iocp_socket.hpp">
      <Filter>pilo\core\net</Filter>
    </ClInclude>
    <ClInclude Include="pilo\core\net\iocp_socket_server.hpp">
      <Filter>pilo\core\net</Filter>
    </ClInclude>
    <ClInclude Include="pilo\core\net\iocp_tcp_listen_socket.hpp">
      <Filter>pilo\core\net</Filter>
    </ClInclude>
    <ClInclude Include="pilo\core\net\iocp_tcp_socket.hpp">
      <Filter>pilo\core\net</Filter>
    </ClInclude>
    <ClInclude Include="pilo\core\net\iocp_udp_socket.hpp">
      <Filter>pilo\core\net</Filter>
    </ClInclude>
    <ClInclude Include="pilo\core\net\ipv4_address.hpp">
      <Filter>pilo\core\net</Filter>
    </ClInclude>
    <ClInclude Include="pilo\core\net\ipv4_mask.hpp">
      <Filter>pilo\core\net</Filter>
    </ClInclude>
    <ClInclude Include="pilo\core\net\net_sys_header.hpp">
      <Filter>pilo\core\net</Filter>
    </ClInclude>
    <ClInclude Include="pilo\core\net\passive_tcp_socket.hpp">
      <Filter>pilo\core\net</Filter>
    </ClInclude>
    <ClInclude Include="pilo\core\net\socket_platform.hpp">
      <Filter>pilo\core\net</Filter>
    </ClInclude>
    <ClInclude Include="pilo\core\net\tcp_socket_buffer.hpp">
      <Filter>pilo\core\net</Filter>
    </ClInclude>
    <ClInclude Include="pilo\core\pattern\lazy_singletion_mts.hpp">
      <Filter>pilo\core\pattern</Filter>
    </ClInclude>
    <ClInclude Include="pilo\core\process\process.hpp">
      <Filter>pilo\core\process</Filter>
    </ClInclude>
    <ClInclude Include="pilo\core\process\process_util.hpp">
      <Filter>pilo\core\process</Filter>
    </ClInclude>
    <ClInclude Include="pilo\core\random\simple_random.hpp">
      <Filter>pilo\core\random</Filter>
    </ClInclude>
    <ClInclude Include="pilo\core\string\auto_astring.hpp">
      <Filter>pilo\core\string</Filter>
    </ClInclude>
    <ClInclude Include="pilo\core\string\dynamic_astring.hpp">
      <Filter>pilo\core\string</Filter>
    </ClInclude>
    <ClInclude Include="pilo\core\string\fixed_astring.hpp">
      <Filter>pilo\core\string</Filter>
    </ClInclude>
    <ClInclude Include="pilo\core\string\fixed_wstring.hpp">
      <Filter>pilo\core\string</Filter>
    </ClInclude>
    <ClInclude Include="pilo\core\string\string_util.hpp">
      <Filter>pilo\core\string</Filter>
    </ClInclude>
    <ClInclude Include="pilo\core\threading\advanced_mutex_locker.hpp">
      <Filter>pilo\core\threading</Filter>
    </ClInclude>
    <ClInclude Include="pilo\core\threading\atomic.hpp">
      <Filter>pilo\core\threading</Filter>
    </ClInclude>
    <ClInclude Include="pilo\core\threading\basic_thread.hpp">
      <Filter>pilo\core\threading</Filter>
    </ClInclude>
    <ClInclude Include="pilo\core\threading\dummy_mutex.hpp">
      <Filter>pilo\core\threading</Filter>
    </ClInclude>
    <ClInclude Include="pilo\core\threading\dummy_read_write_lock.hpp">
      <Filter>pilo\core\threading</Filter>
    </ClInclude>
    <ClInclude Include="pilo\core\threading\mutex_locker.hpp">
      <Filter>pilo\core\threading</Filter>
    </ClInclude>
    <ClInclude Include="pilo\core\threading\nonrecursive_mutex.hpp">
      <Filter>pilo\core\threading</Filter>
    </ClInclude>
    <ClInclude Include="pilo\core\threading\nonrecursive_timed_mutex.hpp">
      <Filter>pilo\core\threading</Filter>
    </ClInclude>
    <ClInclude Include="pilo\core\threading\read_write_lock.hpp">
      <Filter>pilo\core\threading</Filter>
    </ClInclude>
    <ClInclude Include="pilo\core\threading\recursive_mutex.hpp">
      <Filter>pilo\core\threading</Filter>
    </ClInclude>
    <ClInclude Include="pilo\core\threading\recursive_timed_mutex.hpp">
      <Filter>pilo\core\threading</Filter>
    </ClInclude>
    <ClInclude Include="pilo\core\threading\sync_condition_variable_any.hpp">
      <Filter>pilo\core\threading</Filter>
    </ClInclude>
    <ClInclude Include="pilo\core\threading\win_interlocked.hpp">
      <Filter>pilo\core\threading</Filter>
    </ClInclude>
    <ClInclude Include="pilo\core\debug\debug_new.hpp">
      <Filter>pilo\core\debug</Filter>
    </ClInclude>
    <ClInclude Include="pilo\core\fs\buffered_file.hpp">
      <Filter>pilo\core\fs</Filter>
    </ClInclude>
    <ClInclude Include="pilo\core\fs\path_string.hpp">
      <Filter>pilo\core\fs</Filter>
    </ClInclude>
    <ClInclude Include="pilo\core\memory\buffer.hpp">
      <Filter>pilo\core\memory</Filter>
    </ClInclude>
    <ClInclude Include="pilo\core\string\auto_string.hpp">
      <Filter>pilo\core\string</Filter>
    </ClInclude>
    <ClInclude Include="pilo\core\threading\rw_mutex_r_locker.hpp">
      <Filter>pilo\core\threading</Filter>
    </ClInclude>
    <ClInclude Include="pilo\core\threading\rw_mutex_w_locker.hpp">
      <Filter>pilo\core\threading</Filter>
    </ClInclude>
    <ClInclude Include="pilo\core\dll\dll_manager.hpp">
      <Filter>pilo\core\dll</Filter>
    </ClInclude>
  </ItemGroup>
  <ItemGroup>
    <ClCompile Include="pilo\error.cpp">
      <Filter>pilo</Filter>
    </ClCompile>
    <ClCompile Include="pilo\core\datetime\datetime.cpp">
      <Filter>pilo\core\datetime</Filter>
    </ClCompile>
    <ClCompile Include="pilo\core\datetime\tickcount_simu_thread.cpp">
      <Filter>pilo\core\datetime</Filter>
    </ClCompile>
    <ClCompile Include="pilo\core\fs\directory_change_monitor.cpp">
      <Filter>pilo\core\fs</Filter>
    </ClCompile>
    <ClCompile Include="pilo\core\fs\fs_util.cpp">
      <Filter>pilo\core\fs</Filter>
    </ClCompile>
    <ClCompile Include="pilo\core\info\cpu.cpp">
      <Filter>pilo\core\info</Filter>
    </ClCompile>
    <ClCompile Include="pilo\core\io\format_output.cpp">
      <Filter>pilo\core\io</Filter>
    </ClCompile>
    <ClCompile Include="pilo\core\net\basic_socket.cpp">
      <Filter>pilo\core\net</Filter>
    </ClCompile>
    <ClCompile Include="pilo\core\net\epoll_socket.cpp">
      <Filter>pilo\core\net</Filter>
    </ClCompile>
    <ClCompile Include="pilo\core\net\epoll_socket_server.cpp">
      <Filter>pilo\core\net</Filter>
    </ClCompile>
    <ClCompile Include="pilo\core\net\epoll_tcp_listen_socket.cpp">
      <Filter>pilo\core\net</Filter>
    </ClCompile>
    <ClCompile Include="pilo\core\net\epoll_tcp_socket.cpp">
      <Filter>pilo\core\net</Filter>
    </ClCompile>
    <ClCompile Include="pilo\core\net\initiative_tcp_socket.cpp">
      <Filter>pilo\core\net</Filter>
    </ClCompile>
    <ClCompile Include="pilo\core\net\iocp_socket.cpp">
      <Filter>pilo\core\net</Filter>
    </ClCompile>
    <ClCompile Include="pilo\core\net\iocp_socket_server.cpp">
      <Filter>pilo\core\net</Filter>
    </ClCompile>
    <ClCompile Include="pilo\core\net\iocp_tcp_listen_socket.cpp">
      <Filter>pilo\core\net</Filter>
    </ClCompile>
    <ClCompile Include="pilo\core\net\iocp_tcp_socket.cpp">
      <Filter>pilo\core\net</Filter>
    </ClCompile>
    <ClCompile Include="pilo\core\net\ipv4_address.cpp">
      <Filter>pilo\core\net</Filter>
    </ClCompile>
    <ClCompile Include="pilo\core\net\ipv4_mask.cpp">
      <Filter>pilo\core\net</Filter>
    </ClCompile>
    <ClCompile Include="pilo\core\net\passive_tcp_socket.cpp">
      <Filter>pilo\core\net</Filter>
    </ClCompile>
    <ClCompile Include="pilo\core\net\socket_platform.cpp">
      <Filter>pilo\core\net</Filter>
    </ClCompile>
    <ClCompile Include="pilo\core\process\process_util.cpp">
      <Filter>pilo\core\process</Filter>
    </ClCompile>
    <ClCompile Include="pilo\core\random\simple_random.cpp">
      <Filter>pilo\core\random</Filter>
    </ClCompile>
    <ClCompile Include="pilo\core\string\dynamic_astring.cpp">
      <Filter>pilo\core\string</Filter>
    </ClCompile>
    <ClCompile Include="pilo\core\string\string_util.cpp">
      <Filter>pilo\core\string</Filter>
    </ClCompile>
    <ClCompile Include="pilo\core\threading\basic_thread.cpp">
      <Filter>pilo\core\threading</Filter>
    </ClCompile>
    <ClCompile Include="pilo\core\threading\nonrecursive_mutex.cpp">
      <Filter>pilo\core\threading</Filter>
    </ClCompile>
    <ClCompile Include="pilo\core\threading\nonrecursive_timed_mutex.cpp">
      <Filter>pilo\core\threading</Filter>
    </ClCompile>
    <ClCompile Include="pilo\core\threading\read_write_lock.cpp">
      <Filter>pilo\core\threading</Filter>
    </ClCompile>
    <ClCompile Include="pilo\core\threading\recursive_mutex.cpp">
      <Filter>pilo\core\threading</Filter>
    </ClCompile>
    <ClCompile Include="pilo\core\threading\recursive_timed_mutex.cpp">
      <Filter>pilo\core\threading</Filter>
    </ClCompile>
    <ClCompile Include="pilo\core\debug\debug_new.cpp">
      <Filter>pilo\core\debug</Filter>
    </ClCompile>
    <ClCompile Include="pilo\core\dll\dynamic_link_library.cpp">
      <Filter>pilo\core\dll</Filter>
    </ClCompile>
  </ItemGroup>
</Project>